
Microsoft Visual Studio Solution File, Format Version 12.00
# Visual Studio Version 16
VisualStudioVersion = 16.0.28714.193
MinimumVisualStudioVersion = 10.0.40219.1
Project("{FAE04EC0-301F-11D3-BF4B-00C04F79EFBC}") = "Lab-1-ST", "Lab-1-ST\Lab-1-ST.csproj", "{8391274B-7182-467D-8C3A-BCF6DC6E1A81}"
EndProject
Global
	GlobalSection(SolutionConfigurationPlatforms) = preSolution
		Debug|Any CPU = Debug|Any CPU
		Release|Any CPU = Release|Any CPU
	EndGlobalSection
	GlobalSection(ProjectConfigurationPlatforms) = postSolution
		{8391274B-7182-467D-8C3A-BCF6DC6E1A81}.Debug|Any CPU.ActiveCfg = Debug|Any CPU
		{8391274B-7182-467D-8C3A-BCF6DC6E1A81}.Debug|Any CPU.Build.0 = Debug|Any CPU
		{8391274B-7182-467D-8C3A-BCF6DC6E1A81}.Release|Any CPU.ActiveCfg = Release|Any CPU
		{8391274B-7182-467D-8C3A-BCF6DC6E1A81}.Release|Any CPU.Build.0 = Release|Any CPU
	EndGlobalSection
	GlobalSection(SolutionProperties) = preSolution
		HideSolutionNode = FALSE
	EndGlobalSection
	GlobalSection(ExtensibilityGlobals) = postSolution
		SolutionGuid = {F16E4691-6B21-4BD6-90B9-2220F5BFD4C7}
	EndGlobalSection
EndGlobal
